<?xml version="1.0" encoding="utf-8"?>
<Project ToolsVersion="4.0" xmlns="http://schemas.microsoft.com/developer/msbuild/2003">
  <ItemGroup>
    <Filter Include="win32">
      <UniqueIdentifier>{84a8ebd7-7cf0-47f6-b75e-d441df67da40}</UniqueIdentifier>
    </Filter>
    <Filter Include="resource">
      <UniqueIdentifier>{715254bc-d70b-4ec5-bf29-467dd3ace079}</UniqueIdentifier>
    </Filter>
    <Filter Include="src">
      <UniqueIdentifier>{bb6c862e-70e9-49d9-81b7-3829a6f50471}</UniqueIdentifier>
    </Filter>
    <Filter Include="src\AStar">
      <UniqueIdentifier>{a525c3a2-f34b-4bb6-ae11-fbac5ddae9d5}</UniqueIdentifier>
    </Filter>
    <Filter Include="src\Misc">
      <UniqueIdentifier>{80e43451-e772-4a94-8e71-2356e54be6d1}</UniqueIdentifier>
    </Filter>
  </ItemGroup>
  <ItemGroup>
    <ClCompile Include="main.cpp">
      <Filter>win32</Filter>
    </ClCompile>
    <ClCompile Include="..\Classes\AppDelegate.cpp">
      <Filter>src</Filter>
    </ClCompile>
    <ClCompile Include="..\Classes\Config.cpp">
      <Filter>src</Filter>
    </ClCompile>
    <ClCompile Include="..\Classes\Element.cpp">
      <Filter>src</Filter>
    </ClCompile>
    <ClCompile Include="..\Classes\GameLayer.cpp">
      <Filter>src</Filter>
    </ClCompile>
    <ClCompile Include="..\Classes\GameScene.cpp">
      <Filter>src</Filter>
    </ClCompile>
    <ClCompile Include="..\Classes\VisibleRect.cpp">
      <Filter>src</Filter>
    </ClCompile>
    <ClCompile Include="..\Classes\AStar\AStar.cpp">
      <Filter>src\AStar</Filter>
    </ClCompile>
    <ClCompile Include="..\Classes\Misc\BlockAllocator.cpp">
      <Filter>src\Misc</Filter>
    </ClCompile>
    <ClCompile Include="..\Classes\Misc\Singleton.cpp">
      <Filter>src\Misc</Filter>
    </ClCompile>
    <ClCompile Include="..\Classes\Backend.cpp">
      <Filter>src</Filter>
    </ClCompile>
  </ItemGroup>
  <ItemGroup>
    <ClInclude Include="main.h">
      <Filter>win32</Filter>
    </ClInclude>
    <ClInclude Include="..\Classes\AppDelegate.h">
      <Filter>src</Filter>
    </ClInclude>
    <ClInclude Include="..\Classes\AStar.h">
      <Filter>src</Filter>
    </ClInclude>
    <ClInclude Include="..\Classes\Config.h">
      <Filter>src</Filter>
    </ClInclude>
    <ClInclude Include="..\Classes\Element.h">
      <Filter>src</Filter>
    </ClInclude>
    <ClInclude Include="..\Classes\GameLayer.h">
      <Filter>src</Filter>
    </ClInclude>
    <ClInclude Include="..\Classes\GameScene.h">
      <Filter>src</Filter>
    </ClInclude>
    <ClInclude Include="..\Classes\VisibleRect.h">
      <Filter>src</Filter>
    </ClInclude>
    <ClInclude Include="..\Classes\Misc\BlockAllocator.h">
      <Filter>src\Misc</Filter>
    </ClInclude>
    <ClInclude Include="..\Classes\Misc\NonCopyable.h">
      <Filter>src\Misc</Filter>
    </ClInclude>
    <ClInclude Include="..\Classes\Misc\Singleton.h">
      <Filter>src\Misc</Filter>
    </ClInclude>
    <ClInclude Include="..\Classes\Types.h">
      <Filter>src</Filter>
    </ClInclude>
    <ClInclude Include="..\Classes\Backend.h">
      <Filter>src</Filter>
    </ClInclude>
  </ItemGroup>
  <ItemGroup>
    <ResourceCompile Include="game.rc">
      <Filter>resource</Filter>
    </ResourceCompile>
  </ItemGroup>
</Project>